
Microsoft Visual Studio Solution File, Format Version 12.00
# Visual Studio Version 17
VisualStudioVersion = 17.11.35219.272
MinimumVisualStudioVersion = 10.0.40219.1
Project("{9A19103F-16F7-4668-BE54-9A1E7A4F7556}") = "Customer.API", "Customer.API\Customer.API.csproj", "{11A53D97-613D-437F-AE47-1F76E244529C}"
EndProject
Project("{FAE04EC0-301F-11D3-BF4B-00C04F79EFBC}") = "Customer.API.Test-orig", "Customer.API.Test\Customer.API.Test-orig.csproj", "{19E1FDB7-5320-4245-ACAA-DE366DCBE1F5}"
EndProject
Project("{FAE04EC0-301F-11D3-BF4B-00C04F79EFBC}") = "Customers.API.Test", "Customers.API.Test\Customers.API.Test.csproj", "{541FADCD-B3AD-496C-831F-F25F03227972}"
EndProject
Global
	GlobalSection(SolutionConfigurationPlatforms) = preSolution
		Debug|Any CPU = Debug|Any CPU
		Release|Any CPU = Release|Any CPU
	EndGlobalSection
	GlobalSection(ProjectConfigurationPlatforms) = postSolution
		{11A53D97-613D-437F-AE47-1F76E244529C}.Debug|Any CPU.ActiveCfg = Debug|Any CPU
		{11A53D97-613D-437F-AE47-1F76E244529C}.Debug|Any CPU.Build.0 = Debug|Any CPU
		{11A53D97-613D-437F-AE47-1F76E244529C}.Release|Any CPU.ActiveCfg = Release|Any CPU
		{11A53D97-613D-437F-AE47-1F76E244529C}.Release|Any CPU.Build.0 = Release|Any CPU
		{19E1FDB7-5320-4245-ACAA-DE366DCBE1F5}.Debug|Any CPU.ActiveCfg = Debug|Any CPU
		{19E1FDB7-5320-4245-ACAA-DE366DCBE1F5}.Debug|Any CPU.Build.0 = Debug|Any CPU
		{19E1FDB7-5320-4245-ACAA-DE366DCBE1F5}.Release|Any CPU.ActiveCfg = Release|Any CPU
		{19E1FDB7-5320-4245-ACAA-DE366DCBE1F5}.Release|Any CPU.Build.0 = Release|Any CPU
		{541FADCD-B3AD-496C-831F-F25F03227972}.Debug|Any CPU.ActiveCfg = Debug|Any CPU
		{541FADCD-B3AD-496C-831F-F25F03227972}.Debug|Any CPU.Build.0 = Debug|Any CPU
		{541FADCD-B3AD-496C-831F-F25F03227972}.Release|Any CPU.ActiveCfg = Release|Any CPU
		{541FADCD-B3AD-496C-831F-F25F03227972}.Release|Any CPU.Build.0 = Release|Any CPU
	EndGlobalSection
	GlobalSection(SolutionProperties) = preSolution
		HideSolutionNode = FALSE
	EndGlobalSection
	GlobalSection(ExtensibilityGlobals) = postSolution
		SolutionGuid = {75ACC8CB-D807-400B-84E6-A21BD1A0A7FA}
	EndGlobalSection
EndGlobal
